
Microsoft Visual Studio Solution File, Format Version 12.00
# Visual Studio Version 17
VisualStudioVersion = 17.12.35707.178
MinimumVisualStudioVersion = 10.0.40219.1
Project("{FAE04EC0-301F-11D3-BF4B-00C04F79EFBC}") = "URL_Shortener.DAL", "URL_Shortener.DAL\URL_Shortener.DAL.csproj", "{60464AA0-64F9-40DD-AF1A-3382B3DBF2F8}"
EndProject
Project("{FAE04EC0-301F-11D3-BF4B-00C04F79EFBC}") = "URL_Shortener.BLL", "URL_Shortener.BLL\URL_Shortener.BLL.csproj", "{814C13A6-8FA6-4DCD-8AC8-5BB901DC27C5}"
EndProject
Project("{FAE04EC0-301F-11D3-BF4B-00C04F79EFBC}") = "URL_Shortener.Server", "URL_Shortener\URL_Shortener.Server\URL_Shortener.Server.csproj", "{640D3430-E8A7-425F-8436-7022A702A424}"
EndProject
Project("{54A90642-561A-4BB1-A94E-469ADEE60C69}") = "url_shortener.client", "URL_Shortener\url_shortener.client\url_shortener.client.esproj", "{1B96D3EC-7890-46B5-95A2-8BA1BFA093C8}"
EndProject
Project("{FAE04EC0-301F-11D3-BF4B-00C04F79EFBC}") = "URL_Shortener.Tests", "URL_Shortener.Tests\URL_Shortener.Tests.csproj", "{5D7A0C46-6AC7-4E11-B44B-D70C6A594A73}"
EndProject
Global
	GlobalSection(SolutionConfigurationPlatforms) = preSolution
		Debug|Any CPU = Debug|Any CPU
		Release|Any CPU = Release|Any CPU
	EndGlobalSection
	GlobalSection(ProjectConfigurationPlatforms) = postSolution
		{60464AA0-64F9-40DD-AF1A-3382B3DBF2F8}.Debug|Any CPU.ActiveCfg = Debug|Any CPU
		{60464AA0-64F9-40DD-AF1A-3382B3DBF2F8}.Debug|Any CPU.Build.0 = Debug|Any CPU
		{60464AA0-64F9-40DD-AF1A-3382B3DBF2F8}.Release|Any CPU.ActiveCfg = Release|Any CPU
		{60464AA0-64F9-40DD-AF1A-3382B3DBF2F8}.Release|Any CPU.Build.0 = Release|Any CPU
		{814C13A6-8FA6-4DCD-8AC8-5BB901DC27C5}.Debug|Any CPU.ActiveCfg = Debug|Any CPU
		{814C13A6-8FA6-4DCD-8AC8-5BB901DC27C5}.Debug|Any CPU.Build.0 = Debug|Any CPU
		{814C13A6-8FA6-4DCD-8AC8-5BB901DC27C5}.Release|Any CPU.ActiveCfg = Release|Any CPU
		{814C13A6-8FA6-4DCD-8AC8-5BB901DC27C5}.Release|Any CPU.Build.0 = Release|Any CPU
		{640D3430-E8A7-425F-8436-7022A702A424}.Debug|Any CPU.ActiveCfg = Debug|Any CPU
		{640D3430-E8A7-425F-8436-7022A702A424}.Debug|Any CPU.Build.0 = Debug|Any CPU
		{640D3430-E8A7-425F-8436-7022A702A424}.Release|Any CPU.ActiveCfg = Release|Any CPU
		{640D3430-E8A7-425F-8436-7022A702A424}.Release|Any CPU.Build.0 = Release|Any CPU
		{1B96D3EC-7890-46B5-95A2-8BA1BFA093C8}.Debug|Any CPU.ActiveCfg = Debug|Any CPU
		{1B96D3EC-7890-46B5-95A2-8BA1BFA093C8}.Debug|Any CPU.Build.0 = Debug|Any CPU
		{1B96D3EC-7890-46B5-95A2-8BA1BFA093C8}.Debug|Any CPU.Deploy.0 = Debug|Any CPU
		{1B96D3EC-7890-46B5-95A2-8BA1BFA093C8}.Release|Any CPU.ActiveCfg = Release|Any CPU
		{1B96D3EC-7890-46B5-95A2-8BA1BFA093C8}.Release|Any CPU.Build.0 = Release|Any CPU
		{1B96D3EC-7890-46B5-95A2-8BA1BFA093C8}.Release|Any CPU.Deploy.0 = Release|Any CPU
		{5D7A0C46-6AC7-4E11-B44B-D70C6A594A73}.Debug|Any CPU.ActiveCfg = Debug|Any CPU
		{5D7A0C46-6AC7-4E11-B44B-D70C6A594A73}.Debug|Any CPU.Build.0 = Debug|Any CPU
		{5D7A0C46-6AC7-4E11-B44B-D70C6A594A73}.Release|Any CPU.ActiveCfg = Release|Any CPU
		{5D7A0C46-6AC7-4E11-B44B-D70C6A594A73}.Release|Any CPU.Build.0 = Release|Any CPU
	EndGlobalSection
	GlobalSection(SolutionProperties) = preSolution
		HideSolutionNode = FALSE
	EndGlobalSection
EndGlobal
